<?xml version="1.0" encoding="utf-8"?>
<Project ToolsVersion="4.0" xmlns="http://schemas.microsoft.com/developer/msbuild/2003">
  <ItemGroup>
    <Filter Include="source">
      <UniqueIdentifier>{77c92a95-2418-4cbf-8339-5f8cbb4b6cba}</UniqueIdentifier>
    </Filter>
    <Filter Include="include">
      <UniqueIdentifier>{7f71fe49-d91b-4970-bc2a-97713af7132c}</UniqueIdentifier>
    </Filter>
  </ItemGroup>
  <ItemGroup>
    <ClInclude Include="Renderer_pch.h">
      <Filter>include</Filter>
    </ClInclude>
    <ClInclude Include="muon_utils.h">
      <Filter>include</Filter>
    </ClInclude>
    <ClInclude Include="muon.h">
      <Filter>include</Filter>
    </ClInclude>
  </ItemGroup>
  <ItemGroup>
    <ClCompile Include="muon.cpp">
      <Filter>source</Filter>
    </ClCompile>
  </ItemGroup>
</Project>