<?xml version="1.0" encoding="utf-8"?>
<Project ToolsVersion="4.0" xmlns="http://schemas.microsoft.com/developer/msbuild/2003">
  <ItemGroup>
    <ClCompile Include="Game.cpp">
      <Filter>source</Filter>
    </ClCompile>
    <ClCompile Include="GameInput.cpp">
      <Filter>source</Filter>
    </ClCompile>
    <ClCompile Include="GameWindow.cpp">
      <Filter>source</Filter>
    </ClCompile>
    <ClCompile Include="InputBinding.cpp">
      <Filter>source</Filter>
    </ClCompile>
    <ClCompile Include="InputSystem.cpp">
      <Filter>source</Filter>
    </ClCompile>
    <ClCompile Include="Main.cpp">
      <Filter>source</Filter>
    </ClCompile>
    <ClCompile Include="Transform.cpp">
      <Filter>source</Filter>
    </ClCompile>
  </ItemGroup>
  <ItemGroup>
    <ClInclude Include="AppWindow.h">
      <Filter>include</Filter>
    </ClInclude>
    <ClInclude Include="Game.h">
      <Filter>include</Filter>
    </ClInclude>
    <ClInclude Include="GameInput.h">
      <Filter>include</Filter>
    </ClInclude>
    <ClInclude Include="InputBinding.h">
      <Filter>include</Filter>
    </ClInclude>
    <ClInclude Include="InputSystem.h">
      <Filter>include</Filter>
    </ClInclude>
    <ClInclude Include="MNCore_pch.h">
      <Filter>include</Filter>
    </ClInclude>
    <ClInclude Include="StepTimer.h">
      <Filter>include</Filter>
    </ClInclude>
    <ClInclude Include="PathMacros.h">
      <Filter>include</Filter>
    </ClInclude>
    <ClInclude Include="Transform.h">
      <Filter>include</Filter>
    </ClInclude>
  </ItemGroup>
  <ItemGroup>
    <None Include="packages.config" />
  </ItemGroup>
  <ItemGroup>
    <Filter Include="include">
      <UniqueIdentifier>{f9f48ba7-fb61-44f0-bd9d-3ce35a0e2f5b}</UniqueIdentifier>
    </Filter>
    <Filter Include="source">
      <UniqueIdentifier>{3f500ed1-3c20-42ba-bae0-70273e28fd6c}</UniqueIdentifier>
    </Filter>
  </ItemGroup>
</Project>